// !$*UTF8*$!
{
	archiveVersion = 1;
	classes = {
	};
	objectVersion = 50;
	objects = {

/* Begin PBXBuildFile section */
		27604F1024CF543500CE858C /* AppDelegate.swift in Sources */ = {isa = PBXBuildFile; fileRef = 27604F0F24CF543500CE858C /* AppDelegate.swift */; };
		27604F1224CF543500CE858C /* SceneDelegate.swift in Sources */ = {isa = PBXBuildFile; fileRef = 27604F1124CF543500CE858C /* SceneDelegate.swift */; };
		27604F1424CF543500CE858C /* ViewController.swift in Sources */ = {isa = PBXBuildFile; fileRef = 27604F1324CF543500CE858C /* ViewController.swift */; };
		27604F1724CF543500CE858C /* Main.storyboard in Resources */ = {isa = PBXBuildFile; fileRef = 27604F1524CF543500CE858C /* Main.storyboard */; };
		27604F1924CF543800CE858C /* Assets.xcassets in Resources */ = {isa = PBXBuildFile; fileRef = 27604F1824CF543800CE858C /* Assets.xcassets */; };
		27604F1C24CF543800CE858C /* LaunchScreen.storyboard in Resources */ = {isa = PBXBuildFile; fileRef = 27604F1A24CF543800CE858C /* LaunchScreen.storyboard */; };
		27604F2424CF5AE600CE858C /* MobileNetV2.mlmodel in Sources */ = {isa = PBXBuildFile; fileRef = 27604F2324CF5AE600CE858C /* MobileNetV2.mlmodel */; };
		27604F2624D0ABDB00CE858C /* SqueezeNet.mlmodel in Sources */ = {isa = PBXBuildFile; fileRef = 27604F2524D0ABDB00CE858C /* SqueezeNet.mlmodel */; };
/* End PBXBuildFile section */

/* Begin PBXFileReference section */
		27604F0C24CF543500CE858C /* MLImageRecognize.app */ = {isa = PBXFileReference; explicitFileType = wrapper.application; includeInIndex = 0; path = MLImageRecognize.app; sourceTree = BUILT_PRODUCTS_DIR; };
		27604F0F24CF543500CE858C /* AppDelegate.swift */ = {isa = PBXFileReference; lastKnownFileType = sourcecode.swift; path = AppDelegate.swift; sourceTree = "<group>"; };
		27604F1124CF543500CE858C /* SceneDelegate.swift */ = {isa = PBXFileReference; lastKnownFileType = sourcecode.swift; path = SceneDelegate.swift; sourceTree = "<group>"; };
		27604F1324CF543500CE858C /* ViewController.swift */ = {isa = PBXFileReference; lastKnownFileType = sourcecode.swift; path = ViewController.swift; sourceTree = "<group>"; };
		27604F1624CF543500CE858C /* Base */ = {isa = PBXFileReference; lastKnownFileType = file.storyboard; name = Base; path = Base.lproj/Main.storyboard; sourceTree = "<group>"; };
		27604F1824CF543800CE858C /* Assets.xcassets */ = {isa = PBXFileReference; lastKnownFileType = folder.assetcatalog; path = Assets.xcassets; sourceTree = "<group>"; };
		27604F1B24CF543800CE858C /* Base */ = {isa = PBXFileReference; lastKnownFileType = file.storyboard; name = Base; path = Base.lproj/LaunchScreen.storyboard; sourceTree = "<group>"; };
		27604F1D24CF543800CE858C /* Info.plist */ = {isa = PBXFileReference; lastKnownFileType = text.plist.xml; path = Info.plist; sourceTree = "<group>"; };
		27604F2324CF5AE600CE858C /* MobileNetV2.mlmodel */ = {isa = PBXFileReference; lastKnownFileType = file.mlmodel; path = MobileNetV2.mlmodel; sourceTree = "<group>"; };
		27604F2524D0ABDB00CE858C /* SqueezeNet.mlmodel */ = {isa = PBXFileReference; lastKnownFileType = file.mlmodel; path = SqueezeNet.mlmodel; sourceTree = "<group>"; };
/* End PBXFileReference section */

/* Begin PBXFrameworksBuildPhase section */
		27604F0924CF543500CE858C /* Frameworks */ = {
			isa = PBXFrameworksBuildPhase;
			buildActionMask = 2147483647;
			files = (
			);
			runOnlyForDeploymentPostprocessing = 0;
		};
/* End PBXFrameworksBuildPhase section */

/* Begin PBXGroup section */
		27604F0324CF543500CE858C = {
			isa = PBXGroup;
			children = (
				27604F0E24CF543500CE858C /* MLImageRecognize */,
				27604F0D24CF543500CE858C /* Products */,
			);
			sourceTree = "<group>";
		};
		27604F0D24CF543500CE858C /* Products */ = {
			isa = PBXGroup;
			children = (
				27604F0C24CF543500CE858C /* MLImageRecognize.app */,
			);
			name = Products;
			sourceTree = "<group>";
		};
		27604F0E24CF543500CE858C /* MLImageRecognize */ = {
			isa = PBXGroup;
			children = (
				27604F0F24CF543500CE858C /* AppDelegate.swift */,
				27604F1124CF543500CE858C /* SceneDelegate.swift */,
				27604F1324CF543500CE858C /* ViewController.swift */,
				27604F1524CF543500CE858C /* Main.storyboard */,
				27604F1824CF543800CE858C /* Assets.xcassets */,
				27604F1A24CF543800CE858C /* LaunchScreen.storyboard */,
				27604F1D24CF543800CE858C /* Info.plist */,
				27604F2324CF5AE600CE858C /* MobileNetV2.mlmodel */,
				27604F2524D0ABDB00CE858C /* SqueezeNet.mlmodel */,
			);
			path = MLImageRecognize;
			sourceTree = "<group>";
		};
/* End PBXGroup section */

/* Begin PBXNativeTarget section */
		27604F0B24CF543500CE858C /* MLImageRecognize */ = {
			isa = PBXNativeTarget;
			buildConfigurationList = 27604F2024CF543800CE858C /* Build configuration list for PBXNativeTarget "MLImageRecognize" */;
			buildPhases = (
				27604F0824CF543500CE858C /* Sources */,
				27604F0924CF543500CE858C /* Frameworks */,
				27604F0A24CF543500CE858C /* Resources */,
			);
			buildRules = (
			);
			dependencies = (
			);
			name = MLImageRecognize;
			productName = MLImageRecognize;
			productReference = 27604F0C24CF543500CE858C /* MLImageRecognize.app */;
			productType = "com.apple.product-type.application";
		};
/* End PBXNativeTarget section */

/* Begin PBXProject section */
		27604F0424CF543500CE858C /* Project object */ = {
			isa = PBXProject;
			attributes = {
				LastSwiftUpdateCheck = 1150;
				LastUpgradeCheck = 1150;
				ORGANIZATIONNAME = "Eren FAIKOGLU";
				TargetAttributes = {
					27604F0B24CF543500CE858C = {
						CreatedOnToolsVersion = 11.5;
					};
				};
			};
			buildConfigurationList = 27604F0724CF543500CE858C /* Build configuration list for PBXProject "MLImageRecognize" */;
			compatibilityVersion = "Xcode 9.3";
			developmentRegion = en;
			hasScannedForEncodings = 0;
			knownRegions = (
				en,
				Base,
			);
			mainGroup = 27604F0324CF543500CE858C;
			productRefGroup = 27604F0D24CF543500CE858C /* Products */;
			projectDirPath = "";
			projectRoot = "";
			targets = (
				27604F0B24CF543500CE858C /* MLImageRecognize */,
			);
		};
/* End PBXProject section */

/* Begin PBXResourcesBuildPhase section */
		27604F0A24CF543500CE858C /* Resources */ = {
			isa = PBXResourcesBuildPhase;
			buildActionMask = 2147483647;
			files = (
				27604F1C24CF543800CE858C /* LaunchScreen.storyboard in Resources */,
				27604F1924CF543800CE858C /* Assets.xcassets in Resources */,
				27604F1724CF543500CE858C /* Main.storyboard in Resources */,
			);
			runOnlyForDeploymentPostprocessing = 0;
		};
/* End PBXResourcesBuildPhase section */

/* Begin PBXSourcesBuildPhase section */
		27604F0824CF543500CE858C /* Sources */ = {
			isa = PBXSourcesBuildPhase;
			buildActionMask = 2147483647;
			files = (
				27604F1424CF543500CE858C /* ViewController.swift in Sources */,
				27604F1024CF543500CE858C /* AppDelegate.swift in Sources */,
				27604F2624D0ABDB00CE858C /* SqueezeNet.mlmodel in Sources */,
				27604F2424CF5AE600CE858C /* MobileNetV2.mlmodel in Sources */,
				27604F1224CF543500CE858C /* SceneDelegate.swift in Sources */,
			);
			runOnlyForDeploymentPostprocessing = 0;
		};
/* End PBXSourcesBuildPhase section */

/* Begin PBXVariantGroup section */
		27604F1524CF543500CE858C /* Main.storyboard */ = {
			isa = PBXVariantGroup;
			children = (
				27604F1624CF543500CE858C /* Base */,
			);
			name = Main.storyboard;
			sourceTree = "<group>";
		};
		27604F1A24CF543800CE858C /* LaunchScreen.storyboard */ = {
			isa = PBXVariantGroup;
			children = (
				27604F1B24CF543800CE858C /* Base */,
			);
			name = LaunchScreen.storyboard;
			sourceTree = "<group>";
		};
/* End PBXVariantGroup section */

/* Begin XCBuildConfiguration section */
		27604F1E24CF543800CE858C /* Debug */ = {
			isa = XCBuildConfiguration;
			buildSettings = {
				ALWAYS_SEARCH_USER_PATHS = NO;
				CLANG_ANALYZER_NONNULL = YES;
				CLANG_ANALYZER_NUMBER_OBJECT_CONVERSION = YES_AGGRESSIVE;
				CLANG_CXX_LANGUAGE_STANDARD = "gnu++14";
				CLANG_CXX_LIBRARY = "libc++";
				CLANG_ENABLE_MODULES = YES;
				CLANG_ENABLE_OBJC_ARC = YES;
				CLANG_ENABLE_OBJC_WEAK = YES;
				CLANG_WARN_BLOCK_CAPTURE_AUTORELEASING = YES;
				CLANG_WARN_BOOL_CONVERSION = YES;
				CLANG_WARN_COMMA = YES;
				CLANG_WARN_CONSTANT_CONVERSION = YES;
				CLANG_WARN_DEPRECATED_OBJC_IMPLEMENTATIONS = YES;
				CLANG_WARN_DIRECT_OBJC_ISA_USAGE = YES_ERROR;
				CLANG_WARN_DOCUMENTATION_COMMENTS = YES;
				CLANG_WARN_EMPTY_BODY = YES;
				CLANG_WARN_ENUM_CONVERSION = YES;
				CLANG_WARN_INFINITE_RECURSION = YES;
				CLANG_WARN_INT_CONVERSION = YES;
				CLANG_WARN_NON_LITERAL_NULL_CONVERSION = YES;
				CLANG_WARN_OBJC_IMPLICIT_RETAIN_SELF = YES;
				CLANG_WARN_OBJC_LITERAL_CONVERSION = YES;
				CLANG_WARN_OBJC_ROOT_CLASS = YES_ERROR;
				CLANG_WARN_RANGE_LOOP_ANALYSIS = YES;
				CLANG_WARN_STRICT_PROTOTYPES = YES;
				CLANG_WARN_SUSPICIOUS_MOVE = YES;
				CLANG_WARN_UNGUARDED_AVAILABILITY = YES_AGGRESSIVE;
				CLANG_WARN_UNREACHABLE_CODE = YES;
				CLANG_WARN__DUPLICATE_METHOD_MATCH = YES;
				COPY_PHASE_STRIP = NO;
				DEBUG_INFORMATION_FORMAT = dwarf;
				ENABLE_STRICT_OBJC_MSGSEND = YES;
				ENABLE_TESTABILITY = YES;
				GCC_C_LANGUAGE_STANDARD = gnu11;
				GCC_DYNAMIC_NO_PIC = NO;
				GCC_NO_COMMON_BLOCKS = YES;
				GCC_OPTIMIZATION_LEVEL = 0;
				GCC_PREPROCESSOR_DEFINITIONS = (
					"DEBUG=1",
					"$(inherited)",
				);
				GCC_WARN_64_TO_32_BIT_CONVERSION = YES;
				GCC_WARN_ABOUT_RETURN_TYPE = YES_ERROR;
				GCC_WARN_UNDECLARED_SELECTOR = YES;
				GCC_WARN_UNINITIALIZED_AUTOS = YES_AGGRESSIVE;
				GCC_WARN_UNUSED_FUNCTION = YES;
				GCC_WARN_UNUSED_VARIABLE = YES;
				IPHONEOS_DEPLOYMENT_TARGET = 13.5;
				MTL_ENABLE_DEBUG_INFO = INCLUDE_SOURCE;
				MTL_FAST_MATH = YES;
				ONLY_ACTIVE_ARCH = YES;
				SDKROOT = iphoneos;
				SWIFT_ACTIVE_COMPILATION_CONDITIONS = DEBUG;
				SWIFT_OPTIMIZATION_LEVEL = "-Onone";
			};
			name = Debug;
		};
		27604F1F24CF543800CE858C /* Release */ = {
			isa = XCBuildConfiguration;
			buildSettings = {
				ALWAYS_SEARCH_USER_PATHS = NO;
				CLANG_ANALYZER_NONNULL = YES;
				CLANG_ANALYZER_NUMBER_OBJECT_CONVERSION = YES_AGGRESSIVE;
				CLANG_CXX_LANGUAGE_STANDARD = "gnu++14";
				CLANG_CXX_LIBRARY = "libc++";
				CLANG_ENABLE_MODULES = YES;
				CLANG_ENABLE_OBJC_ARC = YES;
				CLANG_ENABLE_OBJC_WEAK = YES;
				CLANG_WARN_BLOCK_CAPTURE_AUTORELEASING = YES;
				CLANG_WARN_BOOL_CONVERSION = YES;
				CLANG_WARN_COMMA = YES;
				CLANG_WARN_CONSTANT_CONVERSION = YES;
				CLANG_WARN_DEPRECATED_OBJC_IMPLEMENTATIONS = YES;
				CLANG_WARN_DIRECT_OBJC_ISA_USAGE = YES_ERROR;
				CLANG_WARN_DOCUMENTATION_COMMENTS = YES;
				CLANG_WARN_EMPTY_BODY = YES;
				CLANG_WARN_ENUM_CONVERSION = YES;
				CLANG_WARN_INFINITE_RECURSION = YES;
				CLANG_WARN_INT_CONVERSION = YES;
				CLANG_WARN_NON_LITERAL_NULL_CONVERSION = YES;
				CLANG_WARN_OBJC_IMPLICIT_RETAIN_SELF = YES;
				CLANG_WARN_OBJC_LITERAL_CONVERSION = YES;
				CLANG_WARN_OBJC_ROOT_CLASS = YES_ERROR;
				CLANG_WARN_RANGE_LOOP_ANALYSIS = YES;
				CLANG_WARN_STRICT_PROTOTYPES = YES;
				CLANG_WARN_SUSPICIOUS_MOVE = YES;
				CLANG_WARN_UNGUARDED_AVAILABILITY = YES_AGGRESSIVE;
				CLANG_WARN_UNREACHABLE_CODE = YES;
				CLANG_WARN__DUPLICATE_METHOD_MATCH = YES;
				COPY_PHASE_STRIP = NO;
				DEBUG_INFORMATION_FORMAT = "dwarf-with-dsym";
				ENABLE_NS_ASSERTIONS = NO;
				ENABLE_STRICT_OBJC_MSGSEND = YES;
				GCC_C_LANGUAGE_STANDARD = gnu11;
				GCC_NO_COMMON_BLOCKS = YES;
				GCC_WARN_64_TO_32_BIT_CONVERSION = YES;
				GCC_WARN_ABOUT_RETURN_TYPE = YES_ERROR;
				GCC_WARN_UNDECLARED_SELECTOR = YES;
				GCC_WARN_UNINITIALIZED_AUTOS = YES_AGGRESSIVE;
				GCC_WARN_UNUSED_FUNCTION = YES;
				GCC_WARN_UNUSED_VARIABLE = YES;
				IPHONEOS_DEPLOYMENT_TARGET = 13.5;
				MTL_ENABLE_DEBUG_INFO = NO;
				MTL_FAST_MATH = YES;
				SDKROOT = iphoneos;
				SWIFT_COMPILATION_MODE = wholemodule;
				SWIFT_OPTIMIZATION_LEVEL = "-O";
				VALIDATE_PRODUCT = YES;
			};
			name = Release;
		};
		27604F2124CF543800CE858C /* Debug */ = {
			isa = XCBuildConfiguration;
			buildSettings = {
				ASSETCATALOG_COMPILER_APPICON_NAME = AppIcon;
				CODE_SIGN_STYLE = Automatic;
				DEVELOPMENT_TEAM = XYBAZLWA45;
				INFOPLIST_FILE = MLImageRecognize/Info.plist;
				LD_RUNPATH_SEARCH_PATHS = (
					"$(inherited)",
					"@executable_path/Frameworks",
				);
				PRODUCT_BUNDLE_IDENTIFIER = net.MLImageRecognize;
				PRODUCT_NAME = "$(TARGET_NAME)";
				SWIFT_VERSION = 5.0;
				TARGETED_DEVICE_FAMILY = "1,2";
			};
			name = Debug;
		};
		27604F2224CF543800CE858C /* Release */ = {
			isa = XCBuildConfiguration;
			buildSettings = {
				ASSETCATALOG_COMPILER_APPICON_NAME = AppIcon;
				CODE_SIGN_STYLE = Automatic;
				DEVELOPMENT_TEAM = XYBAZLWA45;
				INFOPLIST_FILE = MLImageRecognize/Info.plist;
				LD_RUNPATH_SEARCH_PATHS = (
					"$(inherited)",
					"@executable_path/Frameworks",
				);
				PRODUCT_BUNDLE_IDENTIFIER = net.MLImageRecognize;
				PRODUCT_NAME = "$(TARGET_NAME)";
				SWIFT_VERSION = 5.0;
				TARGETED_DEVICE_FAMILY = "1,2";
			};
			name = Release;
		};
/* End XCBuildConfiguration section */

/* Begin XCConfigurationList section */
		27604F0724CF543500CE858C /* Build configuration list for PBXProject "MLImageRecognize" */ = {
			isa = XCConfigurationList;
			buildConfigurations = (
				27604F1E24CF543800CE858C /* Debug */,
				27604F1F24CF543800CE858C /* Release */,
			);
			defaultConfigurationIsVisible = 0;
			defaultConfigurationName = Release;
		};
		27604F2024CF543800CE858C /* Build configuration list for PBXNativeTarget "MLImageRecognize" */ = {
			isa = XCConfigurationList;
			buildConfigurations = (
				27604F2124CF543800CE858C /* Debug */,
				27604F2224CF543800CE858C /* Release */,
			);
			defaultConfigurationIsVisible = 0;
			defaultConfigurationName = Release;
		};
/* End XCConfigurationList section */
	};
	rootObject = 27604F0424CF543500CE858C /* Project object */;
}
